// !$*UTF8*$!
{
	archiveVersion = 1;
	classes = {
	};
	objectVersion = 50;
	objects = {

/* Begin PBXBuildFile section */
		883D253520B6C88C00B52F8B /* AppDelegate.swift in Sources */ = {isa = PBXBuildFile; fileRef = 883D253420B6C88C00B52F8B /* AppDelegate.swift */; };
		883D253A20B6C88C00B52F8B /* Main.storyboard in Resources */ = {isa = PBXBuildFile; fileRef = 883D253820B6C88C00B52F8B /* Main.storyboard */; };
		883D253C20B6C88D00B52F8B /* Assets.xcassets in Resources */ = {isa = PBXBuildFile; fileRef = 883D253B20B6C88D00B52F8B /* Assets.xcassets */; };
		883D253F20B6C88D00B52F8B /* LaunchScreen.storyboard in Resources */ = {isa = PBXBuildFile; fileRef = 883D253D20B6C88D00B52F8B /* LaunchScreen.storyboard */; };
		883D254D20B6CC4000B52F8B /* PostsListViewController.swift in Sources */ = {isa = PBXBuildFile; fileRef = 883D254C20B6CC4000B52F8B /* PostsListViewController.swift */; };
		883D255720B6D80A00B52F8B /* Alertable.swift in Sources */ = {isa = PBXBuildFile; fileRef = 883D255620B6D80A00B52F8B /* Alertable.swift */; };
		883D255B20B6DA8200B52F8B /* Endpoint.swift in Sources */ = {isa = PBXBuildFile; fileRef = 883D255A20B6DA8200B52F8B /* Endpoint.swift */; };
		883D255D20B6DD6300B52F8B /* NewsEndpoint.swift in Sources */ = {isa = PBXBuildFile; fileRef = 883D255C20B6DD6300B52F8B /* NewsEndpoint.swift */; };
		883D255F20B6E78700B52F8B /* String+Extension.swift in Sources */ = {isa = PBXBuildFile; fileRef = 883D255E20B6E78700B52F8B /* String+Extension.swift */; };
		883D256120B6E7C200B52F8B /* Date+Extension.swift in Sources */ = {isa = PBXBuildFile; fileRef = 883D256020B6E7C200B52F8B /* Date+Extension.swift */; };
		883D256320B6EBB300B52F8B /* NetworkService.swift in Sources */ = {isa = PBXBuildFile; fileRef = 883D256220B6EBB300B52F8B /* NetworkService.swift */; };
		883D256520B6EC6500B52F8B /* ResponseError.swift in Sources */ = {isa = PBXBuildFile; fileRef = 883D256420B6EC6500B52F8B /* ResponseError.swift */; };
		883D256720B6EC9900B52F8B /* Reachability.swift in Sources */ = {isa = PBXBuildFile; fileRef = 883D256620B6EC9900B52F8B /* Reachability.swift */; };
		883D256920B6EE5D00B52F8B /* DataManager.swift in Sources */ = {isa = PBXBuildFile; fileRef = 883D256820B6EE5D00B52F8B /* DataManager.swift */; };
		883D256E20B6FE6900B52F8B /* NewsInfo.swift in Sources */ = {isa = PBXBuildFile; fileRef = 883D256D20B6FE6900B52F8B /* NewsInfo.swift */; };
		883D257220B7031700B52F8B /* NewsInfoTableViewCell.swift in Sources */ = {isa = PBXBuildFile; fileRef = 883D257020B7031700B52F8B /* NewsInfoTableViewCell.swift */; };
		883D257320B7031700B52F8B /* NewsInfoTableViewCell.xib in Resources */ = {isa = PBXBuildFile; fileRef = 883D257120B7031700B52F8B /* NewsInfoTableViewCell.xib */; };
		883D257520B708B500B52F8B /* NibLoadableView.swift in Sources */ = {isa = PBXBuildFile; fileRef = 883D257420B708B500B52F8B /* NibLoadableView.swift */; };
		883D257720B708D800B52F8B /* ReusableView.swift in Sources */ = {isa = PBXBuildFile; fileRef = 883D257620B708D800B52F8B /* ReusableView.swift */; };
		883D257920B70DE200B52F8B /* UITableView+Extension.swift in Sources */ = {isa = PBXBuildFile; fileRef = 883D257820B70DE200B52F8B /* UITableView+Extension.swift */; };
		883D257B20B70FAC00B52F8B /* Parser.swift in Sources */ = {isa = PBXBuildFile; fileRef = 883D257A20B70FAC00B52F8B /* Parser.swift */; };
		BF78E48C5DC216416F5E1682 /* Pods_HackerNewsApp.framework in Frameworks */ = {isa = PBXBuildFile; fileRef = 4A31646E78EB248C45746D2C /* Pods_HackerNewsApp.framework */; };
/* End PBXBuildFile section */

/* Begin PBXFileReference section */
		2CBCB2F64B21DBF650E14089 /* Pods-HackerNewsApp.debug.xcconfig */ = {isa = PBXFileReference; includeInIndex = 1; lastKnownFileType = text.xcconfig; name = "Pods-HackerNewsApp.debug.xcconfig"; path = "Pods/Target Support Files/Pods-HackerNewsApp/Pods-HackerNewsApp.debug.xcconfig"; sourceTree = "<group>"; };
		4A31646E78EB248C45746D2C /* Pods_HackerNewsApp.framework */ = {isa = PBXFileReference; explicitFileType = wrapper.framework; includeInIndex = 0; path = Pods_HackerNewsApp.framework; sourceTree = BUILT_PRODUCTS_DIR; };
		883D253120B6C88C00B52F8B /* HackerNewsApp.app */ = {isa = PBXFileReference; explicitFileType = wrapper.application; includeInIndex = 0; path = HackerNewsApp.app; sourceTree = BUILT_PRODUCTS_DIR; };
		883D253420B6C88C00B52F8B /* AppDelegate.swift */ = {isa = PBXFileReference; lastKnownFileType = sourcecode.swift; path = AppDelegate.swift; sourceTree = "<group>"; };
		883D253920B6C88C00B52F8B /* Base */ = {isa = PBXFileReference; lastKnownFileType = file.storyboard; name = Base; path = Base.lproj/Main.storyboard; sourceTree = "<group>"; };
		883D253B20B6C88D00B52F8B /* Assets.xcassets */ = {isa = PBXFileReference; lastKnownFileType = folder.assetcatalog; path = Assets.xcassets; sourceTree = "<group>"; };
		883D253E20B6C88D00B52F8B /* Base */ = {isa = PBXFileReference; lastKnownFileType = file.storyboard; name = Base; path = Base.lproj/LaunchScreen.storyboard; sourceTree = "<group>"; };
		883D254020B6C88D00B52F8B /* Info.plist */ = {isa = PBXFileReference; lastKnownFileType = text.plist.xml; path = Info.plist; sourceTree = "<group>"; };
		883D254C20B6CC4000B52F8B /* PostsListViewController.swift */ = {isa = PBXFileReference; lastKnownFileType = sourcecode.swift; path = PostsListViewController.swift; sourceTree = "<group>"; };
		883D255620B6D80A00B52F8B /* Alertable.swift */ = {isa = PBXFileReference; lastKnownFileType = sourcecode.swift; path = Alertable.swift; sourceTree = "<group>"; };
		883D255A20B6DA8200B52F8B /* Endpoint.swift */ = {isa = PBXFileReference; lastKnownFileType = sourcecode.swift; path = Endpoint.swift; sourceTree = "<group>"; };
		883D255C20B6DD6300B52F8B /* NewsEndpoint.swift */ = {isa = PBXFileReference; lastKnownFileType = sourcecode.swift; path = NewsEndpoint.swift; sourceTree = "<group>"; };
		883D255E20B6E78700B52F8B /* String+Extension.swift */ = {isa = PBXFileReference; lastKnownFileType = sourcecode.swift; path = "String+Extension.swift"; sourceTree = "<group>"; };
		883D256020B6E7C200B52F8B /* Date+Extension.swift */ = {isa = PBXFileReference; lastKnownFileType = sourcecode.swift; path = "Date+Extension.swift"; sourceTree = "<group>"; };
		883D256220B6EBB300B52F8B /* NetworkService.swift */ = {isa = PBXFileReference; lastKnownFileType = sourcecode.swift; path = NetworkService.swift; sourceTree = "<group>"; };
		883D256420B6EC6500B52F8B /* ResponseError.swift */ = {isa = PBXFileReference; lastKnownFileType = sourcecode.swift; path = ResponseError.swift; sourceTree = "<group>"; };
		883D256620B6EC9900B52F8B /* Reachability.swift */ = {isa = PBXFileReference; lastKnownFileType = sourcecode.swift; path = Reachability.swift; sourceTree = "<group>"; };
		883D256820B6EE5D00B52F8B /* DataManager.swift */ = {isa = PBXFileReference; lastKnownFileType = sourcecode.swift; path = DataManager.swift; sourceTree = "<group>"; };
		883D256D20B6FE6900B52F8B /* NewsInfo.swift */ = {isa = PBXFileReference; lastKnownFileType = sourcecode.swift; path = NewsInfo.swift; sourceTree = "<group>"; };
		883D257020B7031700B52F8B /* NewsInfoTableViewCell.swift */ = {isa = PBXFileReference; lastKnownFileType = sourcecode.swift; path = NewsInfoTableViewCell.swift; sourceTree = "<group>"; };
		883D257120B7031700B52F8B /* NewsInfoTableViewCell.xib */ = {isa = PBXFileReference; lastKnownFileType = file.xib; path = NewsInfoTableViewCell.xib; sourceTree = "<group>"; };
		883D257420B708B500B52F8B /* NibLoadableView.swift */ = {isa = PBXFileReference; lastKnownFileType = sourcecode.swift; path = NibLoadableView.swift; sourceTree = "<group>"; };
		883D257620B708D800B52F8B /* ReusableView.swift */ = {isa = PBXFileReference; lastKnownFileType = sourcecode.swift; path = ReusableView.swift; sourceTree = "<group>"; };
		883D257820B70DE200B52F8B /* UITableView+Extension.swift */ = {isa = PBXFileReference; lastKnownFileType = sourcecode.swift; path = "UITableView+Extension.swift"; sourceTree = "<group>"; };
		883D257A20B70FAC00B52F8B /* Parser.swift */ = {isa = PBXFileReference; lastKnownFileType = sourcecode.swift; path = Parser.swift; sourceTree = "<group>"; };
		D3F72CF1C8304273DAE2DAE8 /* Pods-HackerNewsApp.release.xcconfig */ = {isa = PBXFileReference; includeInIndex = 1; lastKnownFileType = text.xcconfig; name = "Pods-HackerNewsApp.release.xcconfig"; path = "Pods/Target Support Files/Pods-HackerNewsApp/Pods-HackerNewsApp.release.xcconfig"; sourceTree = "<group>"; };
/* End PBXFileReference section */

/* Begin PBXFrameworksBuildPhase section */
		883D252E20B6C88C00B52F8B /* Frameworks */ = {
			isa = PBXFrameworksBuildPhase;
			buildActionMask = 2147483647;
			files = (
				BF78E48C5DC216416F5E1682 /* Pods_HackerNewsApp.framework in Frameworks */,
			);
			runOnlyForDeploymentPostprocessing = 0;
		};
/* End PBXFrameworksBuildPhase section */

/* Begin PBXGroup section */
		0729598EC027CC6C3FE7D350 /* Pods */ = {
			isa = PBXGroup;
			children = (
				2CBCB2F64B21DBF650E14089 /* Pods-HackerNewsApp.debug.xcconfig */,
				D3F72CF1C8304273DAE2DAE8 /* Pods-HackerNewsApp.release.xcconfig */,
			);
			name = Pods;
			sourceTree = "<group>";
		};
		824AAFF3448CC5D1C55454A0 /* Frameworks */ = {
			isa = PBXGroup;
			children = (
				4A31646E78EB248C45746D2C /* Pods_HackerNewsApp.framework */,
			);
			name = Frameworks;
			sourceTree = "<group>";
		};
		883D252820B6C88C00B52F8B = {
			isa = PBXGroup;
			children = (
				883D253320B6C88C00B52F8B /* HackerNewsApp */,
				883D253220B6C88C00B52F8B /* Products */,
				0729598EC027CC6C3FE7D350 /* Pods */,
				824AAFF3448CC5D1C55454A0 /* Frameworks */,
			);
			sourceTree = "<group>";
		};
		883D253220B6C88C00B52F8B /* Products */ = {
			isa = PBXGroup;
			children = (
				883D253120B6C88C00B52F8B /* HackerNewsApp.app */,
			);
			name = Products;
			sourceTree = "<group>";
		};
		883D253320B6C88C00B52F8B /* HackerNewsApp */ = {
			isa = PBXGroup;
			children = (
				883D254A20B6CB2C00B52F8B /* CoreLayer */,
				883D254920B6CB2500B52F8B /* BussinessLogicLayer */,
				883D254820B6CB2100B52F8B /* PresentationLayer */,
				883D254620B6CB0400B52F8B /* ApplicationLayer */,
			);
			path = HackerNewsApp;
			sourceTree = "<group>";
		};
		883D254620B6CB0400B52F8B /* ApplicationLayer */ = {
			isa = PBXGroup;
			children = (
				883D253420B6C88C00B52F8B /* AppDelegate.swift */,
				883D253B20B6C88D00B52F8B /* Assets.xcassets */,
				883D253D20B6C88D00B52F8B /* LaunchScreen.storyboard */,
				883D254020B6C88D00B52F8B /* Info.plist */,
			);
			path = ApplicationLayer;
			sourceTree = "<group>";
		};
		883D254820B6CB2100B52F8B /* PresentationLayer */ = {
			isa = PBXGroup;
			children = (
				883D256F20B702A000B52F8B /* Views */,
				883D254B20B6CBA200B52F8B /* Controllers */,
			);
			path = PresentationLayer;
			sourceTree = "<group>";
		};
		883D254920B6CB2500B52F8B /* BussinessLogicLayer */ = {
			isa = PBXGroup;
			children = (
				883D256820B6EE5D00B52F8B /* DataManager.swift */,
				883D257A20B70FAC00B52F8B /* Parser.swift */,
				883D256C20B6FDA400B52F8B /* Entities */,
				883D255820B6D9DB00B52F8B /* NetworkLayer */,
			);
			path = BussinessLogicLayer;
			sourceTree = "<group>";
		};
		883D254A20B6CB2C00B52F8B /* CoreLayer */ = {
			isa = PBXGroup;
			children = (
				883D254E20B6D3E300B52F8B /* Protocols  */,
				883D255120B6D46700B52F8B /* Extensions */,
			);
			path = CoreLayer;
			sourceTree = "<group>";
		};
		883D254B20B6CBA200B52F8B /* Controllers */ = {
			isa = PBXGroup;
			children = (
				883D254C20B6CC4000B52F8B /* PostsListViewController.swift */,
				883D253820B6C88C00B52F8B /* Main.storyboard */,
			);
			path = Controllers;
			sourceTree = "<group>";
		};
		883D254E20B6D3E300B52F8B /* Protocols  */ = {
			isa = PBXGroup;
			children = (
				883D255620B6D80A00B52F8B /* Alertable.swift */,
				883D257420B708B500B52F8B /* NibLoadableView.swift */,
				883D257620B708D800B52F8B /* ReusableView.swift */,
			);
			path = "Protocols ";
			sourceTree = "<group>";
		};
		883D255120B6D46700B52F8B /* Extensions */ = {
			isa = PBXGroup;
			children = (
				883D255E20B6E78700B52F8B /* String+Extension.swift */,
				883D256020B6E7C200B52F8B /* Date+Extension.swift */,
				883D257820B70DE200B52F8B /* UITableView+Extension.swift */,
			);
			path = Extensions;
			sourceTree = "<group>";
		};
		883D255820B6D9DB00B52F8B /* NetworkLayer */ = {
			isa = PBXGroup;
			children = (
				883D255920B6DA0B00B52F8B /* Endpoints */,
				883D256220B6EBB300B52F8B /* NetworkService.swift */,
				883D256620B6EC9900B52F8B /* Reachability.swift */,
				883D256420B6EC6500B52F8B /* ResponseError.swift */,
			);
			path = NetworkLayer;
			sourceTree = "<group>";
		};
		883D255920B6DA0B00B52F8B /* Endpoints */ = {
			isa = PBXGroup;
			children = (
				883D255A20B6DA8200B52F8B /* Endpoint.swift */,
				883D255C20B6DD6300B52F8B /* NewsEndpoint.swift */,
			);
			path = Endpoints;
			sourceTree = "<group>";
		};
		883D256C20B6FDA400B52F8B /* Entities */ = {
			isa = PBXGroup;
			children = (
				883D256D20B6FE6900B52F8B /* NewsInfo.swift */,
			);
			path = Entities;
			sourceTree = "<group>";
		};
		883D256F20B702A000B52F8B /* Views */ = {
			isa = PBXGroup;
			children = (
				883D257020B7031700B52F8B /* NewsInfoTableViewCell.swift */,
				883D257120B7031700B52F8B /* NewsInfoTableViewCell.xib */,
			);
			path = Views;
			sourceTree = "<group>";
		};
/* End PBXGroup section */

/* Begin PBXNativeTarget section */
		883D253020B6C88C00B52F8B /* HackerNewsApp */ = {
			isa = PBXNativeTarget;
			buildConfigurationList = 883D254320B6C88D00B52F8B /* Build configuration list for PBXNativeTarget "HackerNewsApp" */;
			buildPhases = (
				40B79EB30AE2128097706EE0 /* [CP] Check Pods Manifest.lock */,
				883D252D20B6C88C00B52F8B /* Sources */,
				883D252E20B6C88C00B52F8B /* Frameworks */,
				883D252F20B6C88C00B52F8B /* Resources */,
				2ADC91A9CF609AE2CB99E46A /* [CP] Embed Pods Frameworks */,
			);
			buildRules = (
			);
			dependencies = (
			);
			name = HackerNewsApp;
			productName = HackerNewsApp;
			productReference = 883D253120B6C88C00B52F8B /* HackerNewsApp.app */;
			productType = "com.apple.product-type.application";
		};
/* End PBXNativeTarget section */

/* Begin PBXProject section */
		883D252920B6C88C00B52F8B /* Project object */ = {
			isa = PBXProject;
			attributes = {
				LastSwiftUpdateCheck = 0930;
				LastUpgradeCheck = 0930;
				ORGANIZATIONNAME = "Serhii Gaponov";
				TargetAttributes = {
					883D253020B6C88C00B52F8B = {
						CreatedOnToolsVersion = 9.3;
					};
				};
			};
			buildConfigurationList = 883D252C20B6C88C00B52F8B /* Build configuration list for PBXProject "HackerNewsApp" */;
			compatibilityVersion = "Xcode 9.3";
			developmentRegion = en;
			hasScannedForEncodings = 0;
			knownRegions = (
				en,
				Base,
			);
			mainGroup = 883D252820B6C88C00B52F8B;
			productRefGroup = 883D253220B6C88C00B52F8B /* Products */;
			projectDirPath = "";
			projectRoot = "";
			targets = (
				883D253020B6C88C00B52F8B /* HackerNewsApp */,
			);
		};
/* End PBXProject section */

/* Begin PBXResourcesBuildPhase section */
		883D252F20B6C88C00B52F8B /* Resources */ = {
			isa = PBXResourcesBuildPhase;
			buildActionMask = 2147483647;
			files = (
				883D253F20B6C88D00B52F8B /* LaunchScreen.storyboard in Resources */,
				883D253C20B6C88D00B52F8B /* Assets.xcassets in Resources */,
				883D257320B7031700B52F8B /* NewsInfoTableViewCell.xib in Resources */,
				883D253A20B6C88C00B52F8B /* Main.storyboard in Resources */,
			);
			runOnlyForDeploymentPostprocessing = 0;
		};
/* End PBXResourcesBuildPhase section */

/* Begin PBXShellScriptBuildPhase section */
		2ADC91A9CF609AE2CB99E46A /* [CP] Embed Pods Frameworks */ = {
			isa = PBXShellScriptBuildPhase;
			buildActionMask = 2147483647;
			files = (
			);
			inputPaths = (
				"${SRCROOT}/Pods/Target Support Files/Pods-HackerNewsApp/Pods-HackerNewsApp-frameworks.sh",
				"${BUILT_PRODUCTS_DIR}/Alamofire/Alamofire.framework",
				"${BUILT_PRODUCTS_DIR}/SwiftyJSON/SwiftyJSON.framework",
			);
			name = "[CP] Embed Pods Frameworks";
			outputPaths = (
				"${TARGET_BUILD_DIR}/${FRAMEWORKS_FOLDER_PATH}/Alamofire.framework",
				"${TARGET_BUILD_DIR}/${FRAMEWORKS_FOLDER_PATH}/SwiftyJSON.framework",
			);
			runOnlyForDeploymentPostprocessing = 0;
			shellPath = /bin/sh;
			shellScript = "\"${SRCROOT}/Pods/Target Support Files/Pods-HackerNewsApp/Pods-HackerNewsApp-frameworks.sh\"\n";
			showEnvVarsInLog = 0;
		};
		40B79EB30AE2128097706EE0 /* [CP] Check Pods Manifest.lock */ = {
			isa = PBXShellScriptBuildPhase;
			buildActionMask = 2147483647;
			files = (
			);
			inputPaths = (
				"${PODS_PODFILE_DIR_PATH}/Podfile.lock",
				"${PODS_ROOT}/Manifest.lock",
			);
			name = "[CP] Check Pods Manifest.lock";
			outputPaths = (
				"$(DERIVED_FILE_DIR)/Pods-HackerNewsApp-checkManifestLockResult.txt",
			);
			runOnlyForDeploymentPostprocessing = 0;
			shellPath = /bin/sh;
			shellScript = "diff \"${PODS_PODFILE_DIR_PATH}/Podfile.lock\" \"${PODS_ROOT}/Manifest.lock\" > /dev/null\nif [ $? != 0 ] ; then\n    # print error to STDERR\n    echo \"error: The sandbox is not in sync with the Podfile.lock. Run 'pod install' or update your CocoaPods installation.\" >&2\n    exit 1\nfi\n# This output is used by Xcode 'outputs' to avoid re-running this script phase.\necho \"SUCCESS\" > \"${SCRIPT_OUTPUT_FILE_0}\"\n";
			showEnvVarsInLog = 0;
		};
/* End PBXShellScriptBuildPhase section */

/* Begin PBXSourcesBuildPhase section */
		883D252D20B6C88C00B52F8B /* Sources */ = {
			isa = PBXSourcesBuildPhase;
			buildActionMask = 2147483647;
			files = (
				883D255720B6D80A00B52F8B /* Alertable.swift in Sources */,
				883D255D20B6DD6300B52F8B /* NewsEndpoint.swift in Sources */,
				883D256320B6EBB300B52F8B /* NetworkService.swift in Sources */,
				883D256520B6EC6500B52F8B /* ResponseError.swift in Sources */,
				883D254D20B6CC4000B52F8B /* PostsListViewController.swift in Sources */,
				883D255B20B6DA8200B52F8B /* Endpoint.swift in Sources */,
				883D257920B70DE200B52F8B /* UITableView+Extension.swift in Sources */,
				883D257520B708B500B52F8B /* NibLoadableView.swift in Sources */,
				883D257220B7031700B52F8B /* NewsInfoTableViewCell.swift in Sources */,
				883D256120B6E7C200B52F8B /* Date+Extension.swift in Sources */,
				883D255F20B6E78700B52F8B /* String+Extension.swift in Sources */,
				883D256E20B6FE6900B52F8B /* NewsInfo.swift in Sources */,
				883D257720B708D800B52F8B /* ReusableView.swift in Sources */,
				883D256920B6EE5D00B52F8B /* DataManager.swift in Sources */,
				883D256720B6EC9900B52F8B /* Reachability.swift in Sources */,
				883D257B20B70FAC00B52F8B /* Parser.swift in Sources */,
				883D253520B6C88C00B52F8B /* AppDelegate.swift in Sources */,
			);
			runOnlyForDeploymentPostprocessing = 0;
		};
/* End PBXSourcesBuildPhase section */

/* Begin PBXVariantGroup section */
		883D253820B6C88C00B52F8B /* Main.storyboard */ = {
			isa = PBXVariantGroup;
			children = (
				883D253920B6C88C00B52F8B /* Base */,
			);
			name = Main.storyboard;
			sourceTree = "<group>";
		};
		883D253D20B6C88D00B52F8B /* LaunchScreen.storyboard */ = {
			isa = PBXVariantGroup;
			children = (
				883D253E20B6C88D00B52F8B /* Base */,
			);
			name = LaunchScreen.storyboard;
			sourceTree = "<group>";
		};
/* End PBXVariantGroup section */

/* Begin XCBuildConfiguration section */
		883D254120B6C88D00B52F8B /* Debug */ = {
			isa = XCBuildConfiguration;
			buildSettings = {
				ALWAYS_SEARCH_USER_PATHS = NO;
				CLANG_ANALYZER_NONNULL = YES;
				CLANG_ANALYZER_NUMBER_OBJECT_CONVERSION = YES_AGGRESSIVE;
				CLANG_CXX_LANGUAGE_STANDARD = "gnu++14";
				CLANG_CXX_LIBRARY = "libc++";
				CLANG_ENABLE_MODULES = YES;
				CLANG_ENABLE_OBJC_ARC = YES;
				CLANG_ENABLE_OBJC_WEAK = YES;
				CLANG_WARN_BLOCK_CAPTURE_AUTORELEASING = YES;
				CLANG_WARN_BOOL_CONVERSION = YES;
				CLANG_WARN_COMMA = YES;
				CLANG_WARN_CONSTANT_CONVERSION = YES;
				CLANG_WARN_DEPRECATED_OBJC_IMPLEMENTATIONS = YES;
				CLANG_WARN_DIRECT_OBJC_ISA_USAGE = YES_ERROR;
				CLANG_WARN_DOCUMENTATION_COMMENTS = YES;
				CLANG_WARN_EMPTY_BODY = YES;
				CLANG_WARN_ENUM_CONVERSION = YES;
				CLANG_WARN_INFINITE_RECURSION = YES;
				CLANG_WARN_INT_CONVERSION = YES;
				CLANG_WARN_NON_LITERAL_NULL_CONVERSION = YES;
				CLANG_WARN_OBJC_IMPLICIT_RETAIN_SELF = YES;
				CLANG_WARN_OBJC_LITERAL_CONVERSION = YES;
				CLANG_WARN_OBJC_ROOT_CLASS = YES_ERROR;
				CLANG_WARN_RANGE_LOOP_ANALYSIS = YES;
				CLANG_WARN_STRICT_PROTOTYPES = YES;
				CLANG_WARN_SUSPICIOUS_MOVE = YES;
				CLANG_WARN_UNGUARDED_AVAILABILITY = YES_AGGRESSIVE;
				CLANG_WARN_UNREACHABLE_CODE = YES;
				CLANG_WARN__DUPLICATE_METHOD_MATCH = YES;
				CODE_SIGN_IDENTITY = "iPhone Developer";
				COPY_PHASE_STRIP = NO;
				DEBUG_INFORMATION_FORMAT = dwarf;
				ENABLE_STRICT_OBJC_MSGSEND = YES;
				ENABLE_TESTABILITY = YES;
				GCC_C_LANGUAGE_STANDARD = gnu11;
				GCC_DYNAMIC_NO_PIC = NO;
				GCC_NO_COMMON_BLOCKS = YES;
				GCC_OPTIMIZATION_LEVEL = 0;
				GCC_PREPROCESSOR_DEFINITIONS = (
					"DEBUG=1",
					"$(inherited)",
				);
				GCC_WARN_64_TO_32_BIT_CONVERSION = YES;
				GCC_WARN_ABOUT_RETURN_TYPE = YES_ERROR;
				GCC_WARN_UNDECLARED_SELECTOR = YES;
				GCC_WARN_UNINITIALIZED_AUTOS = YES_AGGRESSIVE;
				GCC_WARN_UNUSED_FUNCTION = YES;
				GCC_WARN_UNUSED_VARIABLE = YES;
				IPHONEOS_DEPLOYMENT_TARGET = 11.3;
				MTL_ENABLE_DEBUG_INFO = YES;
				ONLY_ACTIVE_ARCH = YES;
				SDKROOT = iphoneos;
				SWIFT_ACTIVE_COMPILATION_CONDITIONS = DEBUG;
				SWIFT_OPTIMIZATION_LEVEL = "-Onone";
			};
			name = Debug;
		};
		883D254220B6C88D00B52F8B /* Release */ = {
			isa = XCBuildConfiguration;
			buildSettings = {
				ALWAYS_SEARCH_USER_PATHS = NO;
				CLANG_ANALYZER_NONNULL = YES;
				CLANG_ANALYZER_NUMBER_OBJECT_CONVERSION = YES_AGGRESSIVE;
				CLANG_CXX_LANGUAGE_STANDARD = "gnu++14";
				CLANG_CXX_LIBRARY = "libc++";
				CLANG_ENABLE_MODULES = YES;
				CLANG_ENABLE_OBJC_ARC = YES;
				CLANG_ENABLE_OBJC_WEAK = YES;
				CLANG_WARN_BLOCK_CAPTURE_AUTORELEASING = YES;
				CLANG_WARN_BOOL_CONVERSION = YES;
				CLANG_WARN_COMMA = YES;
				CLANG_WARN_CONSTANT_CONVERSION = YES;
				CLANG_WARN_DEPRECATED_OBJC_IMPLEMENTATIONS = YES;
				CLANG_WARN_DIRECT_OBJC_ISA_USAGE = YES_ERROR;
				CLANG_WARN_DOCUMENTATION_COMMENTS = YES;
				CLANG_WARN_EMPTY_BODY = YES;
				CLANG_WARN_ENUM_CONVERSION = YES;
				CLANG_WARN_INFINITE_RECURSION = YES;
				CLANG_WARN_INT_CONVERSION = YES;
				CLANG_WARN_NON_LITERAL_NULL_CONVERSION = YES;
				CLANG_WARN_OBJC_IMPLICIT_RETAIN_SELF = YES;
				CLANG_WARN_OBJC_LITERAL_CONVERSION = YES;
				CLANG_WARN_OBJC_ROOT_CLASS = YES_ERROR;
				CLANG_WARN_RANGE_LOOP_ANALYSIS = YES;
				CLANG_WARN_STRICT_PROTOTYPES = YES;
				CLANG_WARN_SUSPICIOUS_MOVE = YES;
				CLANG_WARN_UNGUARDED_AVAILABILITY = YES_AGGRESSIVE;
				CLANG_WARN_UNREACHABLE_CODE = YES;
				CLANG_WARN__DUPLICATE_METHOD_MATCH = YES;
				CODE_SIGN_IDENTITY = "iPhone Developer";
				COPY_PHASE_STRIP = NO;
				DEBUG_INFORMATION_FORMAT = "dwarf-with-dsym";
				ENABLE_NS_ASSERTIONS = NO;
				ENABLE_STRICT_OBJC_MSGSEND = YES;
				GCC_C_LANGUAGE_STANDARD = gnu11;
				GCC_NO_COMMON_BLOCKS = YES;
				GCC_WARN_64_TO_32_BIT_CONVERSION = YES;
				GCC_WARN_ABOUT_RETURN_TYPE = YES_ERROR;
				GCC_WARN_UNDECLARED_SELECTOR = YES;
				GCC_WARN_UNINITIALIZED_AUTOS = YES_AGGRESSIVE;
				GCC_WARN_UNUSED_FUNCTION = YES;
				GCC_WARN_UNUSED_VARIABLE = YES;
				IPHONEOS_DEPLOYMENT_TARGET = 11.3;
				MTL_ENABLE_DEBUG_INFO = NO;
				SDKROOT = iphoneos;
				SWIFT_COMPILATION_MODE = wholemodule;
				SWIFT_OPTIMIZATION_LEVEL = "-O";
				VALIDATE_PRODUCT = YES;
			};
			name = Release;
		};
		883D254420B6C88D00B52F8B /* Debug */ = {
			isa = XCBuildConfiguration;
			baseConfigurationReference = 2CBCB2F64B21DBF650E14089 /* Pods-HackerNewsApp.debug.xcconfig */;
			buildSettings = {
				ASSETCATALOG_COMPILER_APPICON_NAME = AppIcon;
				CODE_SIGN_STYLE = Automatic;
				DEVELOPMENT_TEAM = FX7KZ75KQ4;
				INFOPLIST_FILE = HackerNewsApp/ApplicationLayer/Info.plist;
				LD_RUNPATH_SEARCH_PATHS = (
					"$(inherited)",
					"@executable_path/Frameworks",
				);
				PRODUCT_BUNDLE_IDENTIFIER = SG.HackerNewsApp;
				PRODUCT_NAME = "$(TARGET_NAME)";
				SWIFT_VERSION = 4.0;
				TARGETED_DEVICE_FAMILY = "1,2";
			};
			name = Debug;
		};
		883D254520B6C88D00B52F8B /* Release */ = {
			isa = XCBuildConfiguration;
			baseConfigurationReference = D3F72CF1C8304273DAE2DAE8 /* Pods-HackerNewsApp.release.xcconfig */;
			buildSettings = {
				ASSETCATALOG_COMPILER_APPICON_NAME = AppIcon;
				CODE_SIGN_STYLE = Automatic;
				DEVELOPMENT_TEAM = FX7KZ75KQ4;
				INFOPLIST_FILE = HackerNewsApp/ApplicationLayer/Info.plist;
				LD_RUNPATH_SEARCH_PATHS = (
					"$(inherited)",
					"@executable_path/Frameworks",
				);
				PRODUCT_BUNDLE_IDENTIFIER = SG.HackerNewsApp;
				PRODUCT_NAME = "$(TARGET_NAME)";
				SWIFT_VERSION = 4.0;
				TARGETED_DEVICE_FAMILY = "1,2";
			};
			name = Release;
		};
/* End XCBuildConfiguration section */

/* Begin XCConfigurationList section */
		883D252C20B6C88C00B52F8B /* Build configuration list for PBXProject "HackerNewsApp" */ = {
			isa = XCConfigurationList;
			buildConfigurations = (
				883D254120B6C88D00B52F8B /* Debug */,
				883D254220B6C88D00B52F8B /* Release */,
			);
			defaultConfigurationIsVisible = 0;
			defaultConfigurationName = Release;
		};
		883D254320B6C88D00B52F8B /* Build configuration list for PBXNativeTarget "HackerNewsApp" */ = {
			isa = XCConfigurationList;
			buildConfigurations = (
				883D254420B6C88D00B52F8B /* Debug */,
				883D254520B6C88D00B52F8B /* Release */,
			);
			defaultConfigurationIsVisible = 0;
			defaultConfigurationName = Release;
		};
/* End XCConfigurationList section */
	};
	rootObject = 883D252920B6C88C00B52F8B /* Project object */;
}
